
Microsoft Visual Studio Solution File, Format Version 12.00
# Visual Studio Version 17
VisualStudioVersion = 17.0.32002.185
MinimumVisualStudioVersion = 10.0.40219.1
Project("{9A19103F-16F7-4668-BE54-9A1E7A4F7556}") = "POOExample", "POOExample\POOExample.csproj", "{E92E9BC3-8A85-4655-8702-79593A47AC92}"
EndProject
Project("{2150E333-8FDC-42A3-9474-1A3956D46DE8}") = "Solution Items", "Solution Items", "{87E49676-9A25-446A-8948-E244CBF1F342}"
	ProjectSection(SolutionItems) = preProject
		README.md = README.md
		SOLID.md = SOLID.md
	EndProjectSection
EndProject
Project("{FAE04EC0-301F-11D3-BF4B-00C04F79EFBC}") = "InheritanceExample", "InheritanceExample\InheritanceExample.csproj", "{4F7D68A8-6A6E-4BCF-B934-12549506C136}"
EndProject
Project("{FAE04EC0-301F-11D3-BF4B-00C04F79EFBC}") = "InheritanceExample2", "InheritanceExample2\InheritanceExample2.csproj", "{8F8D8E59-A317-4B16-86F8-1718861CF3CA}"
EndProject
Project("{FAE04EC0-301F-11D3-BF4B-00C04F79EFBC}") = "KeyConcepts", "KeyConcepts\KeyConcepts.csproj", "{DCC8AE42-2F1A-4262-9C61-1E0027D9F29E}"
EndProject
Project("{FAE04EC0-301F-11D3-BF4B-00C04F79EFBC}") = "SOLIDExample", "SOLIDExample\SOLIDExample.csproj", "{7C980237-69D9-48A1-A826-391CF90876BB}"
EndProject
Global
	GlobalSection(SolutionConfigurationPlatforms) = preSolution
		Debug|Any CPU = Debug|Any CPU
		Release|Any CPU = Release|Any CPU
	EndGlobalSection
	GlobalSection(ProjectConfigurationPlatforms) = postSolution
		{E92E9BC3-8A85-4655-8702-79593A47AC92}.Debug|Any CPU.ActiveCfg = Debug|Any CPU
		{E92E9BC3-8A85-4655-8702-79593A47AC92}.Debug|Any CPU.Build.0 = Debug|Any CPU
		{E92E9BC3-8A85-4655-8702-79593A47AC92}.Release|Any CPU.ActiveCfg = Release|Any CPU
		{E92E9BC3-8A85-4655-8702-79593A47AC92}.Release|Any CPU.Build.0 = Release|Any CPU
		{4F7D68A8-6A6E-4BCF-B934-12549506C136}.Debug|Any CPU.ActiveCfg = Debug|Any CPU
		{4F7D68A8-6A6E-4BCF-B934-12549506C136}.Debug|Any CPU.Build.0 = Debug|Any CPU
		{4F7D68A8-6A6E-4BCF-B934-12549506C136}.Release|Any CPU.ActiveCfg = Release|Any CPU
		{4F7D68A8-6A6E-4BCF-B934-12549506C136}.Release|Any CPU.Build.0 = Release|Any CPU
		{8F8D8E59-A317-4B16-86F8-1718861CF3CA}.Debug|Any CPU.ActiveCfg = Debug|Any CPU
		{8F8D8E59-A317-4B16-86F8-1718861CF3CA}.Debug|Any CPU.Build.0 = Debug|Any CPU
		{8F8D8E59-A317-4B16-86F8-1718861CF3CA}.Release|Any CPU.ActiveCfg = Release|Any CPU
		{8F8D8E59-A317-4B16-86F8-1718861CF3CA}.Release|Any CPU.Build.0 = Release|Any CPU
		{DCC8AE42-2F1A-4262-9C61-1E0027D9F29E}.Debug|Any CPU.ActiveCfg = Debug|Any CPU
		{DCC8AE42-2F1A-4262-9C61-1E0027D9F29E}.Debug|Any CPU.Build.0 = Debug|Any CPU
		{DCC8AE42-2F1A-4262-9C61-1E0027D9F29E}.Release|Any CPU.ActiveCfg = Release|Any CPU
		{DCC8AE42-2F1A-4262-9C61-1E0027D9F29E}.Release|Any CPU.Build.0 = Release|Any CPU
		{7C980237-69D9-48A1-A826-391CF90876BB}.Debug|Any CPU.ActiveCfg = Debug|Any CPU
		{7C980237-69D9-48A1-A826-391CF90876BB}.Debug|Any CPU.Build.0 = Debug|Any CPU
		{7C980237-69D9-48A1-A826-391CF90876BB}.Release|Any CPU.ActiveCfg = Release|Any CPU
		{7C980237-69D9-48A1-A826-391CF90876BB}.Release|Any CPU.Build.0 = Release|Any CPU
	EndGlobalSection
	GlobalSection(SolutionProperties) = preSolution
		HideSolutionNode = FALSE
	EndGlobalSection
	GlobalSection(ExtensibilityGlobals) = postSolution
		SolutionGuid = {C24C1F6C-6DBF-4CEE-93B0-C857D6E9B169}
	EndGlobalSection
EndGlobal
