
Microsoft Visual Studio Solution File, Format Version 12.00
# Visual Studio Version 17
VisualStudioVersion = 17.0.32002.185
MinimumVisualStudioVersion = 10.0.40219.1
Project("{9A19103F-16F7-4668-BE54-9A1E7A4F7556}") = "POOExample", "POOExample\POOExample.csproj", "{E92E9BC3-8A85-4655-8702-79593A47AC92}"
EndProject
Project("{2150E333-8FDC-42A3-9474-1A3956D46DE8}") = "Solution Items", "Solution Items", "{87E49676-9A25-446A-8948-E244CBF1F342}"
	ProjectSection(SolutionItems) = preProject
		README.md = README.md
	EndProjectSection
EndProject
Global
	GlobalSection(SolutionConfigurationPlatforms) = preSolution
		Debug|Any CPU = Debug|Any CPU
		Release|Any CPU = Release|Any CPU
	EndGlobalSection
	GlobalSection(ProjectConfigurationPlatforms) = postSolution
		{E92E9BC3-8A85-4655-8702-79593A47AC92}.Debug|Any CPU.ActiveCfg = Debug|Any CPU
		{E92E9BC3-8A85-4655-8702-79593A47AC92}.Debug|Any CPU.Build.0 = Debug|Any CPU
		{E92E9BC3-8A85-4655-8702-79593A47AC92}.Release|Any CPU.ActiveCfg = Release|Any CPU
		{E92E9BC3-8A85-4655-8702-79593A47AC92}.Release|Any CPU.Build.0 = Release|Any CPU
	EndGlobalSection
	GlobalSection(SolutionProperties) = preSolution
		HideSolutionNode = FALSE
	EndGlobalSection
	GlobalSection(ExtensibilityGlobals) = postSolution
		SolutionGuid = {C24C1F6C-6DBF-4CEE-93B0-C857D6E9B169}
	EndGlobalSection
EndGlobal
